
Microsoft Visual Studio Solution File, Format Version 12.00
# Visual Studio Version 16
VisualStudioVersion = 16.0.29215.179
MinimumVisualStudioVersion = 10.0.40219.1
Project("{FAE04EC0-301F-11D3-BF4B-00C04F79EFBC}") = "ApiBodas", "ApiBodas\ApiBodas.csproj", "{0DE9DA6F-5767-4570-9823-F45919CAB725}"
EndProject
Project("{FAE04EC0-301F-11D3-BF4B-00C04F79EFBC}") = "Bodas.Model", "Bodas.Model\Bodas.Model.csproj", "{6B11C6F9-E3EF-4442-ABE1-CDA07A00AC76}"
EndProject
Global
	GlobalSection(SolutionConfigurationPlatforms) = preSolution
		Debug|Any CPU = Debug|Any CPU
		Release|Any CPU = Release|Any CPU
	EndGlobalSection
	GlobalSection(ProjectConfigurationPlatforms) = postSolution
		{0DE9DA6F-5767-4570-9823-F45919CAB725}.Debug|Any CPU.ActiveCfg = Debug|Any CPU
		{0DE9DA6F-5767-4570-9823-F45919CAB725}.Debug|Any CPU.Build.0 = Debug|Any CPU
		{0DE9DA6F-5767-4570-9823-F45919CAB725}.Release|Any CPU.ActiveCfg = Release|Any CPU
		{0DE9DA6F-5767-4570-9823-F45919CAB725}.Release|Any CPU.Build.0 = Release|Any CPU
		{6B11C6F9-E3EF-4442-ABE1-CDA07A00AC76}.Debug|Any CPU.ActiveCfg = Debug|Any CPU
		{6B11C6F9-E3EF-4442-ABE1-CDA07A00AC76}.Debug|Any CPU.Build.0 = Debug|Any CPU
		{6B11C6F9-E3EF-4442-ABE1-CDA07A00AC76}.Release|Any CPU.ActiveCfg = Release|Any CPU
		{6B11C6F9-E3EF-4442-ABE1-CDA07A00AC76}.Release|Any CPU.Build.0 = Release|Any CPU
	EndGlobalSection
	GlobalSection(SolutionProperties) = preSolution
		HideSolutionNode = FALSE
	EndGlobalSection
	GlobalSection(ExtensibilityGlobals) = postSolution
		SolutionGuid = {6BA85237-B0B0-40A2-BAEA-701822A8E45A}
	EndGlobalSection
EndGlobal
